{
  "name": "parse-all",
  "version": "1.0.0",
  "lockfileVersion": 2,
  "requires": true,
  "packages": {
    "": {
      "name": "parse-all",
      "version": "1.0.0",
      "license": "ISC",
      "dependencies": {
        "stream-chain": "^2.2.4",
        "stream-json": "^1.7.1"
      }
    },
    "node_modules/stream-chain": {
      "version": "2.2.4",
      "resolved": "https://registry.npmjs.org/stream-chain/-/stream-chain-2.2.4.tgz",
      "integrity": "sha512-9lsl3YM53V5N/I1C2uJtc3Kavyi3kNYN83VkKb/bMWRk7D9imiFyUPYa0PoZbLohSVOX1mYE9YsmwObZUsth6Q=="
    },
    "node_modules/stream-json": {
      "version": "1.7.1",
      "resolved": "https://registry.npmjs.org/stream-json/-/stream-json-1.7.1.tgz",
      "integrity": "sha512-I7g0IDqvdJXbJ279/D3ZoTx0VMhmKnEF7u38CffeWdF8bfpMPsLo+5fWnkNjO2GU/JjWaRjdH+zmH03q+XGXFw==",
      "dependencies": {
        "stream-chain": "^2.2.3"
      }
    }
  },
  "dependencies": {
    "stream-chain": {
      "version": "2.2.4",
      "resolved": "https://registry.npmjs.org/stream-chain/-/stream-chain-2.2.4.tgz",
      "integrity": "sha512-9lsl3YM53V5N/I1C2uJtc3Kavyi3kNYN83VkKb/bMWRk7D9imiFyUPYa0PoZbLohSVOX1mYE9YsmwObZUsth6Q=="
    },
    "stream-json": {
      "version": "1.7.1",
      "resolved": "https://registry.npmjs.org/stream-json/-/stream-json-1.7.1.tgz",
      "integrity": "sha512-I7g0IDqvdJXbJ279/D3ZoTx0VMhmKnEF7u38CffeWdF8bfpMPsLo+5fWnkNjO2GU/JjWaRjdH+zmH03q+XGXFw==",
      "requires": {
        "stream-chain": "^2.2.3"
      }
    }
  }
}
